
Microsoft Visual Studio Solution File, Format Version 12.00
# Visual Studio Version 17
VisualStudioVersion = 17.0.31903.59
MinimumVisualStudioVersion = 10.0.40219.1
Project("{9A19103F-16F7-4668-BE54-9A1E7A4F7556}") = "ESourcing.Products", "ESourcing.Products\ESourcing.Products.csproj", "{5C6F1163-9528-46C9-B316-2766CD7FB70B}"
EndProject
Project("{2150E333-8FDC-42A3-9474-1A3956D46DE8}") = "Products", "Products", "{406A669D-E074-48FE-A3AA-1738BE4B7EC3}"
EndProject
Project("{2150E333-8FDC-42A3-9474-1A3956D46DE8}") = "src", "src", "{C59FAFB5-C827-4B6B-B45F-2F67E2E9B569}"
EndProject
Project("{2150E333-8FDC-42A3-9474-1A3956D46DE8}") = "ApiGateway", "ApiGateway", "{09D8BD26-9F71-4667-A4E1-DAFFA60CCB67}"
EndProject
Project("{2150E333-8FDC-42A3-9474-1A3956D46DE8}") = "Services", "Services", "{B64AB05B-F411-48EC-882E-B83BC2CAEA05}"
EndProject
Project("{2150E333-8FDC-42A3-9474-1A3956D46DE8}") = "WebApp", "WebApp", "{D828038D-C55A-4C42-ACC0-75DCAE781C9B}"
EndProject
Project("{2150E333-8FDC-42A3-9474-1A3956D46DE8}") = "Common", "Common", "{B90B21A6-9D54-404F-8EF4-CDBEF3CCBF3D}"
EndProject
Project("{2150E333-8FDC-42A3-9474-1A3956D46DE8}") = "Order", "Order", "{ED6E49B2-4907-40CB-9104-4EE62DC66A61}"
EndProject
Project("{2150E333-8FDC-42A3-9474-1A3956D46DE8}") = "Sourcing", "Sourcing", "{224155C3-4EA5-4AF4-AA3A-9E3F23318D76}"
EndProject
Project("{9A19103F-16F7-4668-BE54-9A1E7A4F7556}") = "Esourcing.Sourcing", "Esourcing.Sourcing\Esourcing.Sourcing.csproj", "{E5A7C4DF-5C61-4A97-9574-B4F348BFE0C6}"
EndProject
Project("{E53339B2-1760-4266-BCC7-CA923CBCF16C}") = "docker-compose", "docker-compose.dcproj", "{16A3A811-AE61-467A-BA22-14425897E5FB}"
EndProject
Project("{FAE04EC0-301F-11D3-BF4B-00C04F79EFBC}") = "EventBusRabbitMQ", "EventBusRabbitMQ\EventBusRabbitMQ.csproj", "{9AC8C234-2747-46EC-8F8D-A28F17DEBE05}"
EndProject
Project("{9A19103F-16F7-4668-BE54-9A1E7A4F7556}") = "ESourcing.Order", "ESourcing.Order\ESourcing.Order.csproj", "{F2DDF658-18F2-47EC-A200-E5E2B95DA160}"
EndProject
Project("{FAE04EC0-301F-11D3-BF4B-00C04F79EFBC}") = "OrderingDomain", "OrderingDomain\OrderingDomain.csproj", "{B907B4A1-2FFB-4991-9F81-67F5AA52E2DF}"
EndProject
Project("{FAE04EC0-301F-11D3-BF4B-00C04F79EFBC}") = "OrderingApplication", "OrderingApplication\OrderingApplication.csproj", "{1FAF90E5-7956-4D1C-AD80-7FAABFD37747}"
	ProjectSection(ProjectDependencies) = postProject
		{B907B4A1-2FFB-4991-9F81-67F5AA52E2DF} = {B907B4A1-2FFB-4991-9F81-67F5AA52E2DF}
	EndProjectSection
EndProject
Project("{FAE04EC0-301F-11D3-BF4B-00C04F79EFBC}") = "Ordering.Infrastructure", "Ordering.Infrastructure\Ordering.Infrastructure.csproj", "{5FF1CE34-408F-473C-A82B-6544CF6A6BC9}"
EndProject
Project("{9A19103F-16F7-4668-BE54-9A1E7A4F7556}") = "ESourcing.APIGateway", "ESourcing.APIGateway\ESourcing.APIGateway.csproj", "{9A014AD9-80DB-489E-8A8F-04D76DA25640}"
EndProject
Project("{9A19103F-16F7-4668-BE54-9A1E7A4F7556}") = "ESourcing.UI", "Esourcing.UI\ESourcing.UI.csproj", "{61045406-2F59-4AE3-A8BD-69BD23AC392A}"
EndProject
Project("{FAE04EC0-301F-11D3-BF4B-00C04F79EFBC}") = "ESourcing.Core", "ESourcing.Core\ESourcing.Core.csproj", "{9D8C0F83-F4A4-4000-B439-1FECA6C1261D}"
EndProject
Project("{FAE04EC0-301F-11D3-BF4B-00C04F79EFBC}") = "ESourcing.Infrastructure", "ESourcing.Infrastructure\ESourcing.Infrastructure.csproj", "{AA1C1D82-331A-4004-ABAA-C1FF0C4AE834}"
EndProject
Global
	GlobalSection(SolutionConfigurationPlatforms) = preSolution
		Debug|Any CPU = Debug|Any CPU
		Release|Any CPU = Release|Any CPU
	EndGlobalSection
	GlobalSection(ProjectConfigurationPlatforms) = postSolution
		{5C6F1163-9528-46C9-B316-2766CD7FB70B}.Debug|Any CPU.ActiveCfg = Debug|Any CPU
		{5C6F1163-9528-46C9-B316-2766CD7FB70B}.Debug|Any CPU.Build.0 = Debug|Any CPU
		{5C6F1163-9528-46C9-B316-2766CD7FB70B}.Release|Any CPU.ActiveCfg = Release|Any CPU
		{5C6F1163-9528-46C9-B316-2766CD7FB70B}.Release|Any CPU.Build.0 = Release|Any CPU
		{E5A7C4DF-5C61-4A97-9574-B4F348BFE0C6}.Debug|Any CPU.ActiveCfg = Debug|Any CPU
		{E5A7C4DF-5C61-4A97-9574-B4F348BFE0C6}.Debug|Any CPU.Build.0 = Debug|Any CPU
		{E5A7C4DF-5C61-4A97-9574-B4F348BFE0C6}.Release|Any CPU.ActiveCfg = Release|Any CPU
		{E5A7C4DF-5C61-4A97-9574-B4F348BFE0C6}.Release|Any CPU.Build.0 = Release|Any CPU
		{16A3A811-AE61-467A-BA22-14425897E5FB}.Debug|Any CPU.ActiveCfg = Debug|Any CPU
		{16A3A811-AE61-467A-BA22-14425897E5FB}.Debug|Any CPU.Build.0 = Debug|Any CPU
		{16A3A811-AE61-467A-BA22-14425897E5FB}.Release|Any CPU.ActiveCfg = Release|Any CPU
		{16A3A811-AE61-467A-BA22-14425897E5FB}.Release|Any CPU.Build.0 = Release|Any CPU
		{9AC8C234-2747-46EC-8F8D-A28F17DEBE05}.Debug|Any CPU.ActiveCfg = Debug|Any CPU
		{9AC8C234-2747-46EC-8F8D-A28F17DEBE05}.Debug|Any CPU.Build.0 = Debug|Any CPU
		{9AC8C234-2747-46EC-8F8D-A28F17DEBE05}.Release|Any CPU.ActiveCfg = Release|Any CPU
		{9AC8C234-2747-46EC-8F8D-A28F17DEBE05}.Release|Any CPU.Build.0 = Release|Any CPU
		{F2DDF658-18F2-47EC-A200-E5E2B95DA160}.Debug|Any CPU.ActiveCfg = Debug|Any CPU
		{F2DDF658-18F2-47EC-A200-E5E2B95DA160}.Debug|Any CPU.Build.0 = Debug|Any CPU
		{F2DDF658-18F2-47EC-A200-E5E2B95DA160}.Release|Any CPU.ActiveCfg = Release|Any CPU
		{F2DDF658-18F2-47EC-A200-E5E2B95DA160}.Release|Any CPU.Build.0 = Release|Any CPU
		{B907B4A1-2FFB-4991-9F81-67F5AA52E2DF}.Debug|Any CPU.ActiveCfg = Debug|Any CPU
		{B907B4A1-2FFB-4991-9F81-67F5AA52E2DF}.Debug|Any CPU.Build.0 = Debug|Any CPU
		{B907B4A1-2FFB-4991-9F81-67F5AA52E2DF}.Release|Any CPU.ActiveCfg = Release|Any CPU
		{B907B4A1-2FFB-4991-9F81-67F5AA52E2DF}.Release|Any CPU.Build.0 = Release|Any CPU
		{1FAF90E5-7956-4D1C-AD80-7FAABFD37747}.Debug|Any CPU.ActiveCfg = Debug|Any CPU
		{1FAF90E5-7956-4D1C-AD80-7FAABFD37747}.Debug|Any CPU.Build.0 = Debug|Any CPU
		{1FAF90E5-7956-4D1C-AD80-7FAABFD37747}.Release|Any CPU.ActiveCfg = Release|Any CPU
		{1FAF90E5-7956-4D1C-AD80-7FAABFD37747}.Release|Any CPU.Build.0 = Release|Any CPU
		{5FF1CE34-408F-473C-A82B-6544CF6A6BC9}.Debug|Any CPU.ActiveCfg = Debug|Any CPU
		{5FF1CE34-408F-473C-A82B-6544CF6A6BC9}.Debug|Any CPU.Build.0 = Debug|Any CPU
		{5FF1CE34-408F-473C-A82B-6544CF6A6BC9}.Release|Any CPU.ActiveCfg = Release|Any CPU
		{5FF1CE34-408F-473C-A82B-6544CF6A6BC9}.Release|Any CPU.Build.0 = Release|Any CPU
		{9A014AD9-80DB-489E-8A8F-04D76DA25640}.Debug|Any CPU.ActiveCfg = Debug|Any CPU
		{9A014AD9-80DB-489E-8A8F-04D76DA25640}.Debug|Any CPU.Build.0 = Debug|Any CPU
		{9A014AD9-80DB-489E-8A8F-04D76DA25640}.Release|Any CPU.ActiveCfg = Release|Any CPU
		{9A014AD9-80DB-489E-8A8F-04D76DA25640}.Release|Any CPU.Build.0 = Release|Any CPU
		{61045406-2F59-4AE3-A8BD-69BD23AC392A}.Debug|Any CPU.ActiveCfg = Debug|Any CPU
		{61045406-2F59-4AE3-A8BD-69BD23AC392A}.Debug|Any CPU.Build.0 = Debug|Any CPU
		{61045406-2F59-4AE3-A8BD-69BD23AC392A}.Release|Any CPU.ActiveCfg = Release|Any CPU
		{61045406-2F59-4AE3-A8BD-69BD23AC392A}.Release|Any CPU.Build.0 = Release|Any CPU
		{9D8C0F83-F4A4-4000-B439-1FECA6C1261D}.Debug|Any CPU.ActiveCfg = Debug|Any CPU
		{9D8C0F83-F4A4-4000-B439-1FECA6C1261D}.Debug|Any CPU.Build.0 = Debug|Any CPU
		{9D8C0F83-F4A4-4000-B439-1FECA6C1261D}.Release|Any CPU.ActiveCfg = Release|Any CPU
		{9D8C0F83-F4A4-4000-B439-1FECA6C1261D}.Release|Any CPU.Build.0 = Release|Any CPU
		{AA1C1D82-331A-4004-ABAA-C1FF0C4AE834}.Debug|Any CPU.ActiveCfg = Debug|Any CPU
		{AA1C1D82-331A-4004-ABAA-C1FF0C4AE834}.Debug|Any CPU.Build.0 = Debug|Any CPU
		{AA1C1D82-331A-4004-ABAA-C1FF0C4AE834}.Release|Any CPU.ActiveCfg = Release|Any CPU
		{AA1C1D82-331A-4004-ABAA-C1FF0C4AE834}.Release|Any CPU.Build.0 = Release|Any CPU
	EndGlobalSection
	GlobalSection(SolutionProperties) = preSolution
		HideSolutionNode = FALSE
	EndGlobalSection
	GlobalSection(NestedProjects) = preSolution
		{5C6F1163-9528-46C9-B316-2766CD7FB70B} = {406A669D-E074-48FE-A3AA-1738BE4B7EC3}
		{406A669D-E074-48FE-A3AA-1738BE4B7EC3} = {B64AB05B-F411-48EC-882E-B83BC2CAEA05}
		{09D8BD26-9F71-4667-A4E1-DAFFA60CCB67} = {C59FAFB5-C827-4B6B-B45F-2F67E2E9B569}
		{B64AB05B-F411-48EC-882E-B83BC2CAEA05} = {C59FAFB5-C827-4B6B-B45F-2F67E2E9B569}
		{D828038D-C55A-4C42-ACC0-75DCAE781C9B} = {C59FAFB5-C827-4B6B-B45F-2F67E2E9B569}
		{B90B21A6-9D54-404F-8EF4-CDBEF3CCBF3D} = {B64AB05B-F411-48EC-882E-B83BC2CAEA05}
		{ED6E49B2-4907-40CB-9104-4EE62DC66A61} = {B64AB05B-F411-48EC-882E-B83BC2CAEA05}
		{224155C3-4EA5-4AF4-AA3A-9E3F23318D76} = {B64AB05B-F411-48EC-882E-B83BC2CAEA05}
		{E5A7C4DF-5C61-4A97-9574-B4F348BFE0C6} = {224155C3-4EA5-4AF4-AA3A-9E3F23318D76}
		{9AC8C234-2747-46EC-8F8D-A28F17DEBE05} = {B90B21A6-9D54-404F-8EF4-CDBEF3CCBF3D}
		{F2DDF658-18F2-47EC-A200-E5E2B95DA160} = {ED6E49B2-4907-40CB-9104-4EE62DC66A61}
		{B907B4A1-2FFB-4991-9F81-67F5AA52E2DF} = {ED6E49B2-4907-40CB-9104-4EE62DC66A61}
		{1FAF90E5-7956-4D1C-AD80-7FAABFD37747} = {ED6E49B2-4907-40CB-9104-4EE62DC66A61}
		{5FF1CE34-408F-473C-A82B-6544CF6A6BC9} = {ED6E49B2-4907-40CB-9104-4EE62DC66A61}
		{9A014AD9-80DB-489E-8A8F-04D76DA25640} = {09D8BD26-9F71-4667-A4E1-DAFFA60CCB67}
		{61045406-2F59-4AE3-A8BD-69BD23AC392A} = {D828038D-C55A-4C42-ACC0-75DCAE781C9B}
		{9D8C0F83-F4A4-4000-B439-1FECA6C1261D} = {D828038D-C55A-4C42-ACC0-75DCAE781C9B}
		{AA1C1D82-331A-4004-ABAA-C1FF0C4AE834} = {D828038D-C55A-4C42-ACC0-75DCAE781C9B}
	EndGlobalSection
	GlobalSection(ExtensibilityGlobals) = postSolution
		SolutionGuid = {30DB0D1C-2342-40FF-BB25-DD6FCA3613FA}
	EndGlobalSection
EndGlobal
