
Microsoft Visual Studio Solution File, Format Version 12.00
# Visual Studio Version 17
VisualStudioVersion = 17.5.002.0
MinimumVisualStudioVersion = 10.0.40219.1
Project("{9A19103F-16F7-4668-BE54-9A1E7A4F7556}") = "Esourcing.Sourcing", "Esourcing.Sourcing.csproj", "{BADACBB9-A346-4FF3-9098-5E288FB834BA}"
EndProject
Global
	GlobalSection(SolutionConfigurationPlatforms) = preSolution
		Debug|Any CPU = Debug|Any CPU
		Release|Any CPU = Release|Any CPU
	EndGlobalSection
	GlobalSection(ProjectConfigurationPlatforms) = postSolution
		{BADACBB9-A346-4FF3-9098-5E288FB834BA}.Debug|Any CPU.ActiveCfg = Debug|Any CPU
		{BADACBB9-A346-4FF3-9098-5E288FB834BA}.Debug|Any CPU.Build.0 = Debug|Any CPU
		{BADACBB9-A346-4FF3-9098-5E288FB834BA}.Release|Any CPU.ActiveCfg = Release|Any CPU
		{BADACBB9-A346-4FF3-9098-5E288FB834BA}.Release|Any CPU.Build.0 = Release|Any CPU
	EndGlobalSection
	GlobalSection(SolutionProperties) = preSolution
		HideSolutionNode = FALSE
	EndGlobalSection
	GlobalSection(ExtensibilityGlobals) = postSolution
		SolutionGuid = {6346335F-C8BF-46D0-8D92-927D96897725}
	EndGlobalSection
EndGlobal
